// !$*UTF8*$!
{
	archiveVersion = 1;
	classes = {
	};
	objectVersion = 56;
	objects = {

/* Begin PBXBuildFile section */
		4D153ADD2BE4E8B30007603D /* ContentViewViewModel.swift in Sources */ = {isa = PBXBuildFile; fileRef = 4D153ADC2BE4E8B30007603D /* ContentViewViewModel.swift */; };
		4DA7EFE52BD6A2FF00F51547 /* DemoAppApp.swift in Sources */ = {isa = PBXBuildFile; fileRef = 4DA7EFE42BD6A2FF00F51547 /* DemoAppApp.swift */; };
		4DA7EFE72BD6A2FF00F51547 /* ContentView.swift in Sources */ = {isa = PBXBuildFile; fileRef = 4DA7EFE62BD6A2FF00F51547 /* ContentView.swift */; };
		4DA7EFE92BD6A30000F51547 /* Assets.xcassets in Resources */ = {isa = PBXBuildFile; fileRef = 4DA7EFE82BD6A30000F51547 /* Assets.xcassets */; };
		4DA7EFEC2BD6A30000F51547 /* Preview Assets.xcassets in Resources */ = {isa = PBXBuildFile; fileRef = 4DA7EFEB2BD6A30000F51547 /* Preview Assets.xcassets */; };
		4DA7EFF62BD6A30000F51547 /* DemoAppTests.swift in Sources */ = {isa = PBXBuildFile; fileRef = 4DA7EFF52BD6A30000F51547 /* DemoAppTests.swift */; };
		4DA7F0002BD6A30000F51547 /* DemoAppUITests.swift in Sources */ = {isa = PBXBuildFile; fileRef = 4DA7EFFF2BD6A30000F51547 /* DemoAppUITests.swift */; };
		4DA7F0022BD6A30000F51547 /* DemoAppUITestsLaunchTests.swift in Sources */ = {isa = PBXBuildFile; fileRef = 4DA7F0012BD6A30000F51547 /* DemoAppUITestsLaunchTests.swift */; };
		4DA7F01C2BD6A31B00F51547 /* Hellgate_iOS_SDK.framework in Frameworks */ = {isa = PBXBuildFile; fileRef = 4DA7F01B2BD6A31B00F51547 /* Hellgate_iOS_SDK.framework */; };
		4DA7F01D2BD6A31B00F51547 /* Hellgate_iOS_SDK.framework in Embed Frameworks */ = {isa = PBXBuildFile; fileRef = 4DA7F01B2BD6A31B00F51547 /* Hellgate_iOS_SDK.framework */; settings = {ATTRIBUTES = (CodeSignOnCopy, RemoveHeadersOnCopy, ); }; };
/* End PBXBuildFile section */

/* Begin PBXContainerItemProxy section */
		4DA7EFF22BD6A30000F51547 /* PBXContainerItemProxy */ = {
			isa = PBXContainerItemProxy;
			containerPortal = 4DA7EFD92BD6A2FF00F51547 /* Project object */;
			proxyType = 1;
			remoteGlobalIDString = 4DA7EFE02BD6A2FF00F51547;
			remoteInfo = DemoApp;
		};
		4DA7EFFC2BD6A30000F51547 /* PBXContainerItemProxy */ = {
			isa = PBXContainerItemProxy;
			containerPortal = 4DA7EFD92BD6A2FF00F51547 /* Project object */;
			proxyType = 1;
			remoteGlobalIDString = 4DA7EFE02BD6A2FF00F51547;
			remoteInfo = DemoApp;
		};
/* End PBXContainerItemProxy section */

/* Begin PBXCopyFilesBuildPhase section */
		4DA7F01E2BD6A31B00F51547 /* Embed Frameworks */ = {
			isa = PBXCopyFilesBuildPhase;
			buildActionMask = 2147483647;
			dstPath = "";
			dstSubfolderSpec = 10;
			files = (
				4DA7F01D2BD6A31B00F51547 /* Hellgate_iOS_SDK.framework in Embed Frameworks */,
			);
			name = "Embed Frameworks";
			runOnlyForDeploymentPostprocessing = 0;
		};
/* End PBXCopyFilesBuildPhase section */

/* Begin PBXFileReference section */
		4D153ADC2BE4E8B30007603D /* ContentViewViewModel.swift */ = {isa = PBXFileReference; lastKnownFileType = sourcecode.swift; path = ContentViewViewModel.swift; sourceTree = "<group>"; };
		4DA7EFE12BD6A2FF00F51547 /* DemoApp.app */ = {isa = PBXFileReference; explicitFileType = wrapper.application; includeInIndex = 0; path = DemoApp.app; sourceTree = BUILT_PRODUCTS_DIR; };
		4DA7EFE42BD6A2FF00F51547 /* DemoAppApp.swift */ = {isa = PBXFileReference; lastKnownFileType = sourcecode.swift; path = DemoAppApp.swift; sourceTree = "<group>"; };
		4DA7EFE62BD6A2FF00F51547 /* ContentView.swift */ = {isa = PBXFileReference; lastKnownFileType = sourcecode.swift; path = ContentView.swift; sourceTree = "<group>"; };
		4DA7EFE82BD6A30000F51547 /* Assets.xcassets */ = {isa = PBXFileReference; lastKnownFileType = folder.assetcatalog; path = Assets.xcassets; sourceTree = "<group>"; };
		4DA7EFEB2BD6A30000F51547 /* Preview Assets.xcassets */ = {isa = PBXFileReference; lastKnownFileType = folder.assetcatalog; path = "Preview Assets.xcassets"; sourceTree = "<group>"; };
		4DA7EFF12BD6A30000F51547 /* DemoAppTests.xctest */ = {isa = PBXFileReference; explicitFileType = wrapper.cfbundle; includeInIndex = 0; path = DemoAppTests.xctest; sourceTree = BUILT_PRODUCTS_DIR; };
		4DA7EFF52BD6A30000F51547 /* DemoAppTests.swift */ = {isa = PBXFileReference; lastKnownFileType = sourcecode.swift; path = DemoAppTests.swift; sourceTree = "<group>"; };
		4DA7EFFB2BD6A30000F51547 /* DemoAppUITests.xctest */ = {isa = PBXFileReference; explicitFileType = wrapper.cfbundle; includeInIndex = 0; path = DemoAppUITests.xctest; sourceTree = BUILT_PRODUCTS_DIR; };
		4DA7EFFF2BD6A30000F51547 /* DemoAppUITests.swift */ = {isa = PBXFileReference; lastKnownFileType = sourcecode.swift; path = DemoAppUITests.swift; sourceTree = "<group>"; };
		4DA7F0012BD6A30000F51547 /* DemoAppUITestsLaunchTests.swift */ = {isa = PBXFileReference; lastKnownFileType = sourcecode.swift; path = DemoAppUITestsLaunchTests.swift; sourceTree = "<group>"; };
		4DA7F01B2BD6A31B00F51547 /* Hellgate_iOS_SDK.framework */ = {isa = PBXFileReference; explicitFileType = wrapper.framework; path = Hellgate_iOS_SDK.framework; sourceTree = BUILT_PRODUCTS_DIR; };
/* End PBXFileReference section */

/* Begin PBXFrameworksBuildPhase section */
		4DA7EFDE2BD6A2FF00F51547 /* Frameworks */ = {
			isa = PBXFrameworksBuildPhase;
			buildActionMask = 2147483647;
			files = (
				4DA7F01C2BD6A31B00F51547 /* Hellgate_iOS_SDK.framework in Frameworks */,
			);
			runOnlyForDeploymentPostprocessing = 0;
		};
		4DA7EFEE2BD6A30000F51547 /* Frameworks */ = {
			isa = PBXFrameworksBuildPhase;
			buildActionMask = 2147483647;
			files = (
			);
			runOnlyForDeploymentPostprocessing = 0;
		};
		4DA7EFF82BD6A30000F51547 /* Frameworks */ = {
			isa = PBXFrameworksBuildPhase;
			buildActionMask = 2147483647;
			files = (
			);
			runOnlyForDeploymentPostprocessing = 0;
		};
/* End PBXFrameworksBuildPhase section */

/* Begin PBXGroup section */
		4DA7EFD82BD6A2FF00F51547 = {
			isa = PBXGroup;
			children = (
				4DA7EFE32BD6A2FF00F51547 /* DemoApp */,
				4DA7EFF42BD6A30000F51547 /* DemoAppTests */,
				4DA7EFFE2BD6A30000F51547 /* DemoAppUITests */,
				4DA7EFE22BD6A2FF00F51547 /* Products */,
				4DA7F01A2BD6A31B00F51547 /* Frameworks */,
			);
			sourceTree = "<group>";
		};
		4DA7EFE22BD6A2FF00F51547 /* Products */ = {
			isa = PBXGroup;
			children = (
				4DA7EFE12BD6A2FF00F51547 /* DemoApp.app */,
				4DA7EFF12BD6A30000F51547 /* DemoAppTests.xctest */,
				4DA7EFFB2BD6A30000F51547 /* DemoAppUITests.xctest */,
			);
			name = Products;
			sourceTree = "<group>";
		};
		4DA7EFE32BD6A2FF00F51547 /* DemoApp */ = {
			isa = PBXGroup;
			children = (
				4DA7EFE42BD6A2FF00F51547 /* DemoAppApp.swift */,
				4DA7EFE62BD6A2FF00F51547 /* ContentView.swift */,
				4D153ADC2BE4E8B30007603D /* ContentViewViewModel.swift */,
				4DA7EFE82BD6A30000F51547 /* Assets.xcassets */,
				4DA7EFEA2BD6A30000F51547 /* Preview Content */,
			);
			path = DemoApp;
			sourceTree = "<group>";
		};
		4DA7EFEA2BD6A30000F51547 /* Preview Content */ = {
			isa = PBXGroup;
			children = (
				4DA7EFEB2BD6A30000F51547 /* Preview Assets.xcassets */,
			);
			path = "Preview Content";
			sourceTree = "<group>";
		};
		4DA7EFF42BD6A30000F51547 /* DemoAppTests */ = {
			isa = PBXGroup;
			children = (
				4DA7EFF52BD6A30000F51547 /* DemoAppTests.swift */,
			);
			path = DemoAppTests;
			sourceTree = "<group>";
		};
		4DA7EFFE2BD6A30000F51547 /* DemoAppUITests */ = {
			isa = PBXGroup;
			children = (
				4DA7EFFF2BD6A30000F51547 /* DemoAppUITests.swift */,
				4DA7F0012BD6A30000F51547 /* DemoAppUITestsLaunchTests.swift */,
			);
			path = DemoAppUITests;
			sourceTree = "<group>";
		};
		4DA7F01A2BD6A31B00F51547 /* Frameworks */ = {
			isa = PBXGroup;
			children = (
				4DA7F01B2BD6A31B00F51547 /* Hellgate_iOS_SDK.framework */,
			);
			name = Frameworks;
			sourceTree = "<group>";
		};
/* End PBXGroup section */

/* Begin PBXNativeTarget section */
		4DA7EFE02BD6A2FF00F51547 /* DemoApp */ = {
			isa = PBXNativeTarget;
			buildConfigurationList = 4DA7F0052BD6A30000F51547 /* Build configuration list for PBXNativeTarget "DemoApp" */;
			buildPhases = (
				4DA7EFDD2BD6A2FF00F51547 /* Sources */,
				4DA7EFDE2BD6A2FF00F51547 /* Frameworks */,
				4DA7EFDF2BD6A2FF00F51547 /* Resources */,
				4DA7F01E2BD6A31B00F51547 /* Embed Frameworks */,
			);
			buildRules = (
			);
			dependencies = (
			);
			name = DemoApp;
			productName = DemoApp;
			productReference = 4DA7EFE12BD6A2FF00F51547 /* DemoApp.app */;
			productType = "com.apple.product-type.application";
		};
		4DA7EFF02BD6A30000F51547 /* DemoAppTests */ = {
			isa = PBXNativeTarget;
			buildConfigurationList = 4DA7F0082BD6A30000F51547 /* Build configuration list for PBXNativeTarget "DemoAppTests" */;
			buildPhases = (
				4DA7EFED2BD6A30000F51547 /* Sources */,
				4DA7EFEE2BD6A30000F51547 /* Frameworks */,
				4DA7EFEF2BD6A30000F51547 /* Resources */,
			);
			buildRules = (
			);
			dependencies = (
				4DA7EFF32BD6A30000F51547 /* PBXTargetDependency */,
			);
			name = DemoAppTests;
			productName = DemoAppTests;
			productReference = 4DA7EFF12BD6A30000F51547 /* DemoAppTests.xctest */;
			productType = "com.apple.product-type.bundle.unit-test";
		};
		4DA7EFFA2BD6A30000F51547 /* DemoAppUITests */ = {
			isa = PBXNativeTarget;
			buildConfigurationList = 4DA7F00B2BD6A30000F51547 /* Build configuration list for PBXNativeTarget "DemoAppUITests" */;
			buildPhases = (
				4DA7EFF72BD6A30000F51547 /* Sources */,
				4DA7EFF82BD6A30000F51547 /* Frameworks */,
				4DA7EFF92BD6A30000F51547 /* Resources */,
			);
			buildRules = (
			);
			dependencies = (
				4DA7EFFD2BD6A30000F51547 /* PBXTargetDependency */,
			);
			name = DemoAppUITests;
			productName = DemoAppUITests;
			productReference = 4DA7EFFB2BD6A30000F51547 /* DemoAppUITests.xctest */;
			productType = "com.apple.product-type.bundle.ui-testing";
		};
/* End PBXNativeTarget section */

/* Begin PBXProject section */
		4DA7EFD92BD6A2FF00F51547 /* Project object */ = {
			isa = PBXProject;
			attributes = {
				BuildIndependentTargetsInParallel = 1;
				LastSwiftUpdateCheck = 1520;
				LastUpgradeCheck = 1520;
				TargetAttributes = {
					4DA7EFE02BD6A2FF00F51547 = {
						CreatedOnToolsVersion = 15.2;
					};
					4DA7EFF02BD6A30000F51547 = {
						CreatedOnToolsVersion = 15.2;
						TestTargetID = 4DA7EFE02BD6A2FF00F51547;
					};
					4DA7EFFA2BD6A30000F51547 = {
						CreatedOnToolsVersion = 15.2;
						TestTargetID = 4DA7EFE02BD6A2FF00F51547;
					};
				};
			};
			buildConfigurationList = 4DA7EFDC2BD6A2FF00F51547 /* Build configuration list for PBXProject "DemoApp" */;
			compatibilityVersion = "Xcode 14.0";
			developmentRegion = en;
			hasScannedForEncodings = 0;
			knownRegions = (
				en,
				Base,
			);
			mainGroup = 4DA7EFD82BD6A2FF00F51547;
			productRefGroup = 4DA7EFE22BD6A2FF00F51547 /* Products */;
			projectDirPath = "";
			projectRoot = "";
			targets = (
				4DA7EFE02BD6A2FF00F51547 /* DemoApp */,
				4DA7EFF02BD6A30000F51547 /* DemoAppTests */,
				4DA7EFFA2BD6A30000F51547 /* DemoAppUITests */,
			);
		};
/* End PBXProject section */

/* Begin PBXResourcesBuildPhase section */
		4DA7EFDF2BD6A2FF00F51547 /* Resources */ = {
			isa = PBXResourcesBuildPhase;
			buildActionMask = 2147483647;
			files = (
				4DA7EFEC2BD6A30000F51547 /* Preview Assets.xcassets in Resources */,
				4DA7EFE92BD6A30000F51547 /* Assets.xcassets in Resources */,
			);
			runOnlyForDeploymentPostprocessing = 0;
		};
		4DA7EFEF2BD6A30000F51547 /* Resources */ = {
			isa = PBXResourcesBuildPhase;
			buildActionMask = 2147483647;
			files = (
			);
			runOnlyForDeploymentPostprocessing = 0;
		};
		4DA7EFF92BD6A30000F51547 /* Resources */ = {
			isa = PBXResourcesBuildPhase;
			buildActionMask = 2147483647;
			files = (
			);
			runOnlyForDeploymentPostprocessing = 0;
		};
/* End PBXResourcesBuildPhase section */

/* Begin PBXSourcesBuildPhase section */
		4DA7EFDD2BD6A2FF00F51547 /* Sources */ = {
			isa = PBXSourcesBuildPhase;
			buildActionMask = 2147483647;
			files = (
				4DA7EFE72BD6A2FF00F51547 /* ContentView.swift in Sources */,
				4DA7EFE52BD6A2FF00F51547 /* DemoAppApp.swift in Sources */,
				4D153ADD2BE4E8B30007603D /* ContentViewViewModel.swift in Sources */,
			);
			runOnlyForDeploymentPostprocessing = 0;
		};
		4DA7EFED2BD6A30000F51547 /* Sources */ = {
			isa = PBXSourcesBuildPhase;
			buildActionMask = 2147483647;
			files = (
				4DA7EFF62BD6A30000F51547 /* DemoAppTests.swift in Sources */,
			);
			runOnlyForDeploymentPostprocessing = 0;
		};
		4DA7EFF72BD6A30000F51547 /* Sources */ = {
			isa = PBXSourcesBuildPhase;
			buildActionMask = 2147483647;
			files = (
				4DA7F0002BD6A30000F51547 /* DemoAppUITests.swift in Sources */,
				4DA7F0022BD6A30000F51547 /* DemoAppUITestsLaunchTests.swift in Sources */,
			);
			runOnlyForDeploymentPostprocessing = 0;
		};
/* End PBXSourcesBuildPhase section */

/* Begin PBXTargetDependency section */
		4DA7EFF32BD6A30000F51547 /* PBXTargetDependency */ = {
			isa = PBXTargetDependency;
			target = 4DA7EFE02BD6A2FF00F51547 /* DemoApp */;
			targetProxy = 4DA7EFF22BD6A30000F51547 /* PBXContainerItemProxy */;
		};
		4DA7EFFD2BD6A30000F51547 /* PBXTargetDependency */ = {
			isa = PBXTargetDependency;
			target = 4DA7EFE02BD6A2FF00F51547 /* DemoApp */;
			targetProxy = 4DA7EFFC2BD6A30000F51547 /* PBXContainerItemProxy */;
		};
/* End PBXTargetDependency section */

/* Begin XCBuildConfiguration section */
		4DA7F0032BD6A30000F51547 /* Debug */ = {
			isa = XCBuildConfiguration;
			buildSettings = {
				ALWAYS_SEARCH_USER_PATHS = NO;
				ASSETCATALOG_COMPILER_GENERATE_SWIFT_ASSET_SYMBOL_EXTENSIONS = YES;
				CLANG_ANALYZER_NONNULL = YES;
				CLANG_ANALYZER_NUMBER_OBJECT_CONVERSION = YES_AGGRESSIVE;
				CLANG_CXX_LANGUAGE_STANDARD = "gnu++20";
				CLANG_ENABLE_MODULES = YES;
				CLANG_ENABLE_OBJC_ARC = YES;
				CLANG_ENABLE_OBJC_WEAK = YES;
				CLANG_WARN_BLOCK_CAPTURE_AUTORELEASING = YES;
				CLANG_WARN_BOOL_CONVERSION = YES;
				CLANG_WARN_COMMA = YES;
				CLANG_WARN_CONSTANT_CONVERSION = YES;
				CLANG_WARN_DEPRECATED_OBJC_IMPLEMENTATIONS = YES;
				CLANG_WARN_DIRECT_OBJC_ISA_USAGE = YES_ERROR;
				CLANG_WARN_DOCUMENTATION_COMMENTS = YES;
				CLANG_WARN_EMPTY_BODY = YES;
				CLANG_WARN_ENUM_CONVERSION = YES;
				CLANG_WARN_INFINITE_RECURSION = YES;
				CLANG_WARN_INT_CONVERSION = YES;
				CLANG_WARN_NON_LITERAL_NULL_CONVERSION = YES;
				CLANG_WARN_OBJC_IMPLICIT_RETAIN_SELF = YES;
				CLANG_WARN_OBJC_LITERAL_CONVERSION = YES;
				CLANG_WARN_OBJC_ROOT_CLASS = YES_ERROR;
				CLANG_WARN_QUOTED_INCLUDE_IN_FRAMEWORK_HEADER = YES;
				CLANG_WARN_RANGE_LOOP_ANALYSIS = YES;
				CLANG_WARN_STRICT_PROTOTYPES = YES;
				CLANG_WARN_SUSPICIOUS_MOVE = YES;
				CLANG_WARN_UNGUARDED_AVAILABILITY = YES_AGGRESSIVE;
				CLANG_WARN_UNREACHABLE_CODE = YES;
				CLANG_WARN__DUPLICATE_METHOD_MATCH = YES;
				COPY_PHASE_STRIP = NO;
				DEBUG_INFORMATION_FORMAT = dwarf;
				ENABLE_STRICT_OBJC_MSGSEND = YES;
				ENABLE_TESTABILITY = YES;
				ENABLE_USER_SCRIPT_SANDBOXING = YES;
				GCC_C_LANGUAGE_STANDARD = gnu17;
				GCC_DYNAMIC_NO_PIC = NO;
				GCC_NO_COMMON_BLOCKS = YES;
				GCC_OPTIMIZATION_LEVEL = 0;
				GCC_PREPROCESSOR_DEFINITIONS = (
					"DEBUG=1",
					"$(inherited)",
				);
				GCC_WARN_64_TO_32_BIT_CONVERSION = YES;
				GCC_WARN_ABOUT_RETURN_TYPE = YES_ERROR;
				GCC_WARN_UNDECLARED_SELECTOR = YES;
				GCC_WARN_UNINITIALIZED_AUTOS = YES_AGGRESSIVE;
				GCC_WARN_UNUSED_FUNCTION = YES;
				GCC_WARN_UNUSED_VARIABLE = YES;
				IPHONEOS_DEPLOYMENT_TARGET = 17.2;
				LOCALIZATION_PREFERS_STRING_CATALOGS = YES;
				MTL_ENABLE_DEBUG_INFO = INCLUDE_SOURCE;
				MTL_FAST_MATH = YES;
				ONLY_ACTIVE_ARCH = YES;
				SDKROOT = iphoneos;
				SWIFT_ACTIVE_COMPILATION_CONDITIONS = "DEBUG $(inherited)";
				SWIFT_OPTIMIZATION_LEVEL = "-Onone";
			};
			name = Debug;
		};
		4DA7F0042BD6A30000F51547 /* Release */ = {
			isa = XCBuildConfiguration;
			buildSettings = {
				ALWAYS_SEARCH_USER_PATHS = NO;
				ASSETCATALOG_COMPILER_GENERATE_SWIFT_ASSET_SYMBOL_EXTENSIONS = YES;
				CLANG_ANALYZER_NONNULL = YES;
				CLANG_ANALYZER_NUMBER_OBJECT_CONVERSION = YES_AGGRESSIVE;
				CLANG_CXX_LANGUAGE_STANDARD = "gnu++20";
				CLANG_ENABLE_MODULES = YES;
				CLANG_ENABLE_OBJC_ARC = YES;
				CLANG_ENABLE_OBJC_WEAK = YES;
				CLANG_WARN_BLOCK_CAPTURE_AUTORELEASING = YES;
				CLANG_WARN_BOOL_CONVERSION = YES;
				CLANG_WARN_COMMA = YES;
				CLANG_WARN_CONSTANT_CONVERSION = YES;
				CLANG_WARN_DEPRECATED_OBJC_IMPLEMENTATIONS = YES;
				CLANG_WARN_DIRECT_OBJC_ISA_USAGE = YES_ERROR;
				CLANG_WARN_DOCUMENTATION_COMMENTS = YES;
				CLANG_WARN_EMPTY_BODY = YES;
				CLANG_WARN_ENUM_CONVERSION = YES;
				CLANG_WARN_INFINITE_RECURSION = YES;
				CLANG_WARN_INT_CONVERSION = YES;
				CLANG_WARN_NON_LITERAL_NULL_CONVERSION = YES;
				CLANG_WARN_OBJC_IMPLICIT_RETAIN_SELF = YES;
				CLANG_WARN_OBJC_LITERAL_CONVERSION = YES;
				CLANG_WARN_OBJC_ROOT_CLASS = YES_ERROR;
				CLANG_WARN_QUOTED_INCLUDE_IN_FRAMEWORK_HEADER = YES;
				CLANG_WARN_RANGE_LOOP_ANALYSIS = YES;
				CLANG_WARN_STRICT_PROTOTYPES = YES;
				CLANG_WARN_SUSPICIOUS_MOVE = YES;
				CLANG_WARN_UNGUARDED_AVAILABILITY = YES_AGGRESSIVE;
				CLANG_WARN_UNREACHABLE_CODE = YES;
				CLANG_WARN__DUPLICATE_METHOD_MATCH = YES;
				COPY_PHASE_STRIP = NO;
				DEBUG_INFORMATION_FORMAT = "dwarf-with-dsym";
				ENABLE_NS_ASSERTIONS = NO;
				ENABLE_STRICT_OBJC_MSGSEND = YES;
				ENABLE_USER_SCRIPT_SANDBOXING = YES;
				GCC_C_LANGUAGE_STANDARD = gnu17;
				GCC_NO_COMMON_BLOCKS = YES;
				GCC_WARN_64_TO_32_BIT_CONVERSION = YES;
				GCC_WARN_ABOUT_RETURN_TYPE = YES_ERROR;
				GCC_WARN_UNDECLARED_SELECTOR = YES;
				GCC_WARN_UNINITIALIZED_AUTOS = YES_AGGRESSIVE;
				GCC_WARN_UNUSED_FUNCTION = YES;
				GCC_WARN_UNUSED_VARIABLE = YES;
				IPHONEOS_DEPLOYMENT_TARGET = 17.2;
				LOCALIZATION_PREFERS_STRING_CATALOGS = YES;
				MTL_ENABLE_DEBUG_INFO = NO;
				MTL_FAST_MATH = YES;
				SDKROOT = iphoneos;
				SWIFT_COMPILATION_MODE = wholemodule;
				VALIDATE_PRODUCT = YES;
			};
			name = Release;
		};
		4DA7F0062BD6A30000F51547 /* Debug */ = {
			isa = XCBuildConfiguration;
			buildSettings = {
				ASSETCATALOG_COMPILER_APPICON_NAME = AppIcon;
				ASSETCATALOG_COMPILER_GLOBAL_ACCENT_COLOR_NAME = AccentColor;
				CODE_SIGN_STYLE = Automatic;
				CURRENT_PROJECT_VERSION = 1;
				DEVELOPMENT_ASSET_PATHS = "\"DemoApp/Preview Content\"";
				ENABLE_PREVIEWS = YES;
				GENERATE_INFOPLIST_FILE = YES;
				INFOPLIST_KEY_UIApplicationSceneManifest_Generation = YES;
				INFOPLIST_KEY_UIApplicationSupportsIndirectInputEvents = YES;
				INFOPLIST_KEY_UILaunchScreen_Generation = YES;
				INFOPLIST_KEY_UISupportedInterfaceOrientations_iPad = "UIInterfaceOrientationPortrait UIInterfaceOrientationPortraitUpsideDown UIInterfaceOrientationLandscapeLeft UIInterfaceOrientationLandscapeRight";
				INFOPLIST_KEY_UISupportedInterfaceOrientations_iPhone = "UIInterfaceOrientationPortrait UIInterfaceOrientationLandscapeLeft UIInterfaceOrientationLandscapeRight";
				IPHONEOS_DEPLOYMENT_TARGET = 15.0;
				LD_RUNPATH_SEARCH_PATHS = (
					"$(inherited)",
					"@executable_path/Frameworks",
				);
				MARKETING_VERSION = 1.0;
				PRODUCT_BUNDLE_IDENTIFIER = io.hellgate.ios.sdk.DemoApp;
				PRODUCT_NAME = "$(TARGET_NAME)";
				SWIFT_EMIT_LOC_STRINGS = YES;
				SWIFT_VERSION = 5.0;
				TARGETED_DEVICE_FAMILY = "1,2";
			};
			name = Debug;
		};
		4DA7F0072BD6A30000F51547 /* Release */ = {
			isa = XCBuildConfiguration;
			buildSettings = {
				ASSETCATALOG_COMPILER_APPICON_NAME = AppIcon;
				ASSETCATALOG_COMPILER_GLOBAL_ACCENT_COLOR_NAME = AccentColor;
				CODE_SIGN_STYLE = Automatic;
				CURRENT_PROJECT_VERSION = 1;
				DEVELOPMENT_ASSET_PATHS = "\"DemoApp/Preview Content\"";
				ENABLE_PREVIEWS = YES;
				GENERATE_INFOPLIST_FILE = YES;
				INFOPLIST_KEY_UIApplicationSceneManifest_Generation = YES;
				INFOPLIST_KEY_UIApplicationSupportsIndirectInputEvents = YES;
				INFOPLIST_KEY_UILaunchScreen_Generation = YES;
				INFOPLIST_KEY_UISupportedInterfaceOrientations_iPad = "UIInterfaceOrientationPortrait UIInterfaceOrientationPortraitUpsideDown UIInterfaceOrientationLandscapeLeft UIInterfaceOrientationLandscapeRight";
				INFOPLIST_KEY_UISupportedInterfaceOrientations_iPhone = "UIInterfaceOrientationPortrait UIInterfaceOrientationLandscapeLeft UIInterfaceOrientationLandscapeRight";
				IPHONEOS_DEPLOYMENT_TARGET = 15.0;
				LD_RUNPATH_SEARCH_PATHS = (
					"$(inherited)",
					"@executable_path/Frameworks",
				);
				MARKETING_VERSION = 1.0;
				PRODUCT_BUNDLE_IDENTIFIER = io.hellgate.ios.sdk.DemoApp;
				PRODUCT_NAME = "$(TARGET_NAME)";
				SWIFT_EMIT_LOC_STRINGS = YES;
				SWIFT_VERSION = 5.0;
				TARGETED_DEVICE_FAMILY = "1,2";
			};
			name = Release;
		};
		4DA7F0092BD6A30000F51547 /* Debug */ = {
			isa = XCBuildConfiguration;
			buildSettings = {
				ALWAYS_EMBED_SWIFT_STANDARD_LIBRARIES = YES;
				BUNDLE_LOADER = "$(TEST_HOST)";
				CODE_SIGN_STYLE = Automatic;
				CURRENT_PROJECT_VERSION = 1;
				GENERATE_INFOPLIST_FILE = YES;
				IPHONEOS_DEPLOYMENT_TARGET = 17.2;
				MARKETING_VERSION = 1.0;
				PRODUCT_BUNDLE_IDENTIFIER = io.hellgate.ios.sdk.DemoAppTests;
				PRODUCT_NAME = "$(TARGET_NAME)";
				SWIFT_EMIT_LOC_STRINGS = NO;
				SWIFT_VERSION = 5.0;
				TARGETED_DEVICE_FAMILY = "1,2";
				TEST_HOST = "$(BUILT_PRODUCTS_DIR)/DemoApp.app/$(BUNDLE_EXECUTABLE_FOLDER_PATH)/DemoApp";
			};
			name = Debug;
		};
		4DA7F00A2BD6A30000F51547 /* Release */ = {
			isa = XCBuildConfiguration;
			buildSettings = {
				ALWAYS_EMBED_SWIFT_STANDARD_LIBRARIES = YES;
				BUNDLE_LOADER = "$(TEST_HOST)";
				CODE_SIGN_STYLE = Automatic;
				CURRENT_PROJECT_VERSION = 1;
				GENERATE_INFOPLIST_FILE = YES;
				IPHONEOS_DEPLOYMENT_TARGET = 17.2;
				MARKETING_VERSION = 1.0;
				PRODUCT_BUNDLE_IDENTIFIER = io.hellgate.ios.sdk.DemoAppTests;
				PRODUCT_NAME = "$(TARGET_NAME)";
				SWIFT_EMIT_LOC_STRINGS = NO;
				SWIFT_VERSION = 5.0;
				TARGETED_DEVICE_FAMILY = "1,2";
				TEST_HOST = "$(BUILT_PRODUCTS_DIR)/DemoApp.app/$(BUNDLE_EXECUTABLE_FOLDER_PATH)/DemoApp";
			};
			name = Release;
		};
		4DA7F00C2BD6A30000F51547 /* Debug */ = {
			isa = XCBuildConfiguration;
			buildSettings = {
				ALWAYS_EMBED_SWIFT_STANDARD_LIBRARIES = YES;
				CODE_SIGN_STYLE = Automatic;
				CURRENT_PROJECT_VERSION = 1;
				GENERATE_INFOPLIST_FILE = YES;
				MARKETING_VERSION = 1.0;
				PRODUCT_BUNDLE_IDENTIFIER = io.hellgate.ios.sdk.DemoAppUITests;
				PRODUCT_NAME = "$(TARGET_NAME)";
				SWIFT_EMIT_LOC_STRINGS = NO;
				SWIFT_VERSION = 5.0;
				TARGETED_DEVICE_FAMILY = "1,2";
				TEST_TARGET_NAME = DemoApp;
			};
			name = Debug;
		};
		4DA7F00D2BD6A30000F51547 /* Release */ = {
			isa = XCBuildConfiguration;
			buildSettings = {
				ALWAYS_EMBED_SWIFT_STANDARD_LIBRARIES = YES;
				CODE_SIGN_STYLE = Automatic;
				CURRENT_PROJECT_VERSION = 1;
				GENERATE_INFOPLIST_FILE = YES;
				MARKETING_VERSION = 1.0;
				PRODUCT_BUNDLE_IDENTIFIER = io.hellgate.ios.sdk.DemoAppUITests;
				PRODUCT_NAME = "$(TARGET_NAME)";
				SWIFT_EMIT_LOC_STRINGS = NO;
				SWIFT_VERSION = 5.0;
				TARGETED_DEVICE_FAMILY = "1,2";
				TEST_TARGET_NAME = DemoApp;
			};
			name = Release;
		};
/* End XCBuildConfiguration section */

/* Begin XCConfigurationList section */
		4DA7EFDC2BD6A2FF00F51547 /* Build configuration list for PBXProject "DemoApp" */ = {
			isa = XCConfigurationList;
			buildConfigurations = (
				4DA7F0032BD6A30000F51547 /* Debug */,
				4DA7F0042BD6A30000F51547 /* Release */,
			);
			defaultConfigurationIsVisible = 0;
			defaultConfigurationName = Release;
		};
		4DA7F0052BD6A30000F51547 /* Build configuration list for PBXNativeTarget "DemoApp" */ = {
			isa = XCConfigurationList;
			buildConfigurations = (
				4DA7F0062BD6A30000F51547 /* Debug */,
				4DA7F0072BD6A30000F51547 /* Release */,
			);
			defaultConfigurationIsVisible = 0;
			defaultConfigurationName = Release;
		};
		4DA7F0082BD6A30000F51547 /* Build configuration list for PBXNativeTarget "DemoAppTests" */ = {
			isa = XCConfigurationList;
			buildConfigurations = (
				4DA7F0092BD6A30000F51547 /* Debug */,
				4DA7F00A2BD6A30000F51547 /* Release */,
			);
			defaultConfigurationIsVisible = 0;
			defaultConfigurationName = Release;
		};
		4DA7F00B2BD6A30000F51547 /* Build configuration list for PBXNativeTarget "DemoAppUITests" */ = {
			isa = XCConfigurationList;
			buildConfigurations = (
				4DA7F00C2BD6A30000F51547 /* Debug */,
				4DA7F00D2BD6A30000F51547 /* Release */,
			);
			defaultConfigurationIsVisible = 0;
			defaultConfigurationName = Release;
		};
/* End XCConfigurationList section */
	};
	rootObject = 4DA7EFD92BD6A2FF00F51547 /* Project object */;
}
